version: 7
platforms:
- name: win-64
  virtual-packages:
  - __win=10.0
  - __archspec=0=x86_64
environments:
  default:
    channels:
    - url: https://conda.anaconda.org/conda-forge/
    packages:
      win-64:
      - conda: https://conda.anaconda.org/conda-forge/win-64/nodejs-26.10.0-h80d1838_0.conda
packages:
- conda: https://conda.anaconda.org/conda-forge/win-64/nodejs-26.10.0-h80d1838_0.conda
  sha256: 5a37ba561a77db9bcd6ff081b69c8fc6876907f6ac8e9774c2f0e3942d2add40
  md5: be18f095bb76bee421bc7c809c5993ac
  license: MIT
  license_family: MIT
  run_exports:
    weak:
    - nodejs >=26.10.0,<27.0a0
  size: 34521075
  timestamp: 1790238384888
